
Microsoft Visual Studio Solution File, Format Version 12.00
# Visual Studio Version 17
VisualStudioVersion = 17.5.33530.505
MinimumVisualStudioVersion = 10.0.40219.1
Project("{8BC9CEB8-8B4A-11D0-8D11-00A0C91BC942}") = "maou", "maou.vcxproj", "{FB643821-1729-4EDC-8E17-566707E22944}"
EndProject
Global
	GlobalSection(SolutionConfigurationPlatforms) = preSolution
		Debug|x64 = Debug|x64
		Release|x64 = Release|x64
	EndGlobalSection
	GlobalSection(ProjectConfigurationPlatforms) = postSolution
		{FB643821-1729-4EDC-8E17-566707E22944}.Debug|x64.ActiveCfg = Debug|x64
		{FB643821-1729-4EDC-8E17-566707E22944}.Debug|x64.Build.0 = Debug|x64
		{FB643821-1729-4EDC-8E17-566707E22944}.Release|x64.ActiveCfg = Release|x64
		{FB643821-1729-4EDC-8E17-566707E22944}.Release|x64.Build.0 = Release|x64
	EndGlobalSection
	GlobalSection(SolutionProperties) = preSolution
		HideSolutionNode = FALSE
	EndGlobalSection
	GlobalSection(ExtensibilityGlobals) = postSolution
		SolutionGuid = {EA541505-16BD-4086-A1AF-D332532E981F}
	EndGlobalSection
EndGlobal
