<?xml version="1.0" encoding="utf-8"?>
<Project ToolsVersion="4.0" xmlns="http://schemas.microsoft.com/developer/msbuild/2003">
  <ItemGroup>
    <Filter Include="KamataEngine">
      <UniqueIdentifier>{4FC737F1-C7A5-4376-A066-2A32D752A2FF}</UniqueIdentifier>
      <Extensions>cpp;c;cc;cxx;c++;cppm;ixx;def;odl;idl;hpj;bat;asm;asmx</Extensions>
    </Filter>
    <Filter Include="KamataEngine\Source">
      <UniqueIdentifier>{d966e9f8-e880-44ae-8586-a08515e4cffc}</UniqueIdentifier>
    </Filter>
    <Filter Include="KamataEngine\Include">
      <UniqueIdentifier>{4aae4e40-94f7-4d32-9a91-c0c37a2edf0d}</UniqueIdentifier>
    </Filter>
    <Filter Include="KamataEngine\Adapter">
      <UniqueIdentifier>{c6468eb4-788b-4a83-b207-a5f4804e56c5}</UniqueIdentifier>
    </Filter>
    <Filter Include="MyDeta">
      <UniqueIdentifier>{a247c331-c12a-4a5b-8d9a-c417f25df801}</UniqueIdentifier>
    </Filter>
    <Filter Include="MyDeta\Source">
      <UniqueIdentifier>{bdfa39ce-a1c8-4f14-82c5-06f68f911038}</UniqueIdentifier>
    </Filter>
    <Filter Include="MyDeta\Object">
      <UniqueIdentifier>{c2e8d610-6071-4ce0-bad0-724eddb6ee6b}</UniqueIdentifier>
    </Filter>
    <Filter Include="MyDeta\Particle">
      <UniqueIdentifier>{9bbe517c-802c-4efe-900c-2a0b1e54cada}</UniqueIdentifier>
    </Filter>
    <Filter Include="MyDeta\System">
      <UniqueIdentifier>{e636f5b6-b73c-4321-9a68-51719c1361d7}</UniqueIdentifier>
    </Filter>
    <Filter Include="MyDeta\SceneChange">
      <UniqueIdentifier>{d0c23af1-bafa-4043-b71e-3b4d5962f5d7}</UniqueIdentifier>
    </Filter>
    <Filter Include="MyDeta\Scene">
      <UniqueIdentifier>{bf09262e-e378-4466-82d8-7c9ac6b4fe51}</UniqueIdentifier>
    </Filter>
  </ItemGroup>
  <ItemGroup>
    <ClCompile Include="C:\KamataEngine\DirectXGame\base\DirectXCommon.cpp">
      <Filter>KamataEngine\Source</Filter>
    </ClCompile>
    <ClCompile Include="C:\KamataEngine\DirectXGame\base\TextureManager.cpp">
      <Filter>KamataEngine\Source</Filter>
    </ClCompile>
    <ClCompile Include="C:\KamataEngine\DirectXGame\scene\GameScene.cpp">
      <Filter>KamataEngine\Source</Filter>
    </ClCompile>
    <ClCompile Include="C:\KamataEngine\DirectXGame\base\WinApp.cpp">
      <Filter>KamataEngine\Source</Filter>
    </ClCompile>
    <ClCompile Include="main.cpp" />
    <ClCompile Include="C:\KamataEngine\Adapter\Novice.cpp">
      <Filter>KamataEngine\Adapter</Filter>
    </ClCompile>
    <ClCompile Include="C:\KamataEngine\DirectXGame\2d\ImGuiManager.cpp">
      <Filter>KamataEngine</Filter>
    </ClCompile>
    <ClCompile Include="C:\KamataEngine\DirectXGame\base\StringUtility.cpp">
      <Filter>KamataEngine\Source</Filter>
    </ClCompile>
    <ClCompile Include="MyDeta\Source\Easing.cpp">
      <Filter>MyDeta\Source</Filter>
    </ClCompile>
    <ClCompile Include="MyDeta\Object\Player.cpp">
      <Filter>MyDeta\Object</Filter>
    </ClCompile>
    <ClCompile Include="MyDeta\Object\Reflection.cpp">
      <Filter>MyDeta\Object</Filter>
    </ClCompile>
    <ClCompile Include="MyDeta\Source\MyMath.cpp">
      <Filter>MyDeta\Source</Filter>
    </ClCompile>
    <ClCompile Include="MyDeta\Object\Orbit.cpp">
      <Filter>MyDeta\Object</Filter>
    </ClCompile>
    <ClCompile Include="MyDeta\System\Zoom.cpp">
      <Filter>MyDeta\System</Filter>
    </ClCompile>
    <ClCompile Include="MyDeta\Object\Boss.cpp">
      <Filter>MyDeta\Object</Filter>
    </ClCompile>
    <ClCompile Include="MyDeta\Particle\Emitter.cpp">
      <Filter>MyDeta\Particle</Filter>
    </ClCompile>
    <ClCompile Include="MyDeta\Particle\Emitter2.cpp">
      <Filter>MyDeta\Particle</Filter>
    </ClCompile>
    <ClCompile Include="MyDeta\Particle\Particle.cpp">
      <Filter>MyDeta\Particle</Filter>
    </ClCompile>
    <ClCompile Include="MyDeta\Particle\Particle2.cpp">
      <Filter>MyDeta\Particle</Filter>
    </ClCompile>
    <ClCompile Include="MyDeta\Particle\Util.cpp">
      <Filter>MyDeta\Particle</Filter>
    </ClCompile>
    <ClCompile Include="MyDeta\Source\Coordinate.cpp">
      <Filter>MyDeta\Source</Filter>
    </ClCompile>
    <ClCompile Include="MyDeta\System\PlayerRangeDetector.cpp">
      <Filter>MyDeta\System</Filter>
    </ClCompile>
    <ClCompile Include="MyDeta\Object\BossBullet.cpp">
      <Filter>MyDeta\Object</Filter>
    </ClCompile>
    <ClCompile Include="MyDeta\Object\Stage.cpp">
      <Filter>MyDeta\Object</Filter>
    </ClCompile>
    <ClCompile Include="BossDeadParticle.cpp">
      <Filter>MyDeta\Particle</Filter>
    </ClCompile>
    <ClCompile Include="PlayerDeadParticle.cpp">
      <Filter>MyDeta\Particle</Filter>
    </ClCompile>
    <ClCompile Include="PlayerDeadEmitter.cpp">
      <Filter>MyDeta\Particle</Filter>
    </ClCompile>
    <ClCompile Include="MyDeta\SceneChange\BoxTransition.cpp">
      <Filter>MyDeta\SceneChange</Filter>
    </ClCompile>
    <ClCompile Include="MyDeta\System\CollisionManager.cpp">
      <Filter>MyDeta\System</Filter>
    </ClCompile>
    <ClCompile Include="MyDeta\Particle\MyOrbit.cpp">
      <Filter>MyDeta\Particle</Filter>
    </ClCompile>
    <ClCompile Include="MyDeta\System\Timer.cpp">
      <Filter>MyDeta\System</Filter>
    </ClCompile>
    <ClCompile Include="MyDeta\Scene\Tutorial.cpp">
      <Filter>MyDeta\Scene</Filter>
    </ClCompile>
    <ClCompile Include="Matrix.cpp">
      <Filter>KamataEngine</Filter>
    </ClCompile>
    <ClCompile Include="PlayerWindEmitter.cpp">
      <Filter>KamataEngine</Filter>
    </ClCompile>
    <ClCompile Include="PlayerWindParticle.cpp">
      <Filter>KamataEngine</Filter>
    </ClCompile>
    <ClCompile Include="LoadFile.cpp">
      <Filter>MyDeta\System</Filter>
    </ClCompile>
    <ClCompile Include="MyDeta\Scene\GameOver.cpp">
      <Filter>MyDeta\Scene</Filter>
    </ClCompile>
  </ItemGroup>
  <ItemGroup>
    <ClInclude Include="C:\KamataEngine\DirectXGame\audio\Audio.h">
      <Filter>KamataEngine\Include</Filter>
    </ClInclude>
    <ClInclude Include="C:\KamataEngine\DirectXGame\2d\DebugText.h">
      <Filter>KamataEngine\Include</Filter>
    </ClInclude>
    <ClInclude Include="C:\KamataEngine\DirectXGame\base\DirectXCommon.h">
      <Filter>KamataEngine\Include</Filter>
    </ClInclude>
    <ClInclude Include="C:\KamataEngine\DirectXGame\scene\GameScene.h">
      <Filter>KamataEngine\Include</Filter>
    </ClInclude>
    <ClInclude Include="C:\KamataEngine\DirectXGame\input\Input.h">
      <Filter>KamataEngine\Include</Filter>
    </ClInclude>
    <ClInclude Include="C:\KamataEngine\DirectXGame\3d\Model.h">
      <Filter>KamataEngine\Include</Filter>
    </ClInclude>
    <ClInclude Include="C:\KamataEngine\DirectXGame\base\SafeDelete.h">
      <Filter>KamataEngine\Include</Filter>
    </ClInclude>
    <ClInclude Include="C:\KamataEngine\DirectXGame\2d\Sprite.h">
      <Filter>KamataEngine\Include</Filter>
    </ClInclude>
    <ClInclude Include="C:\KamataEngine\DirectXGame\base\TextureManager.h">
      <Filter>KamataEngine\Include</Filter>
    </ClInclude>
    <ClInclude Include="C:\KamataEngine\DirectXGame\3d\ViewProjection.h">
      <Filter>KamataEngine\Include</Filter>
    </ClInclude>
    <ClInclude Include="C:\KamataEngine\DirectXGame\base\WinApp.h">
      <Filter>KamataEngine\Include</Filter>
    </ClInclude>
    <ClInclude Include="C:\KamataEngine\DirectXGame\3d\WorldTransform.h">
      <Filter>KamataEngine\Include</Filter>
    </ClInclude>
    <ClInclude Include="C:\KamataEngine\Adapter\Novice.h">
      <Filter>KamataEngine\Adapter</Filter>
    </ClInclude>
    <ClInclude Include="C:\KamataEngine\DirectXGame\3d\CircleShadow.h">
      <Filter>KamataEngine\Include</Filter>
    </ClInclude>
    <ClInclude Include="C:\KamataEngine\DirectXGame\3d\DebugCamera.h">
      <Filter>KamataEngine\Include</Filter>
    </ClInclude>
    <ClInclude Include="C:\KamataEngine\DirectXGame\3d\DirectionalLight.h">
      <Filter>KamataEngine\Include</Filter>
    </ClInclude>
    <ClInclude Include="C:\KamataEngine\DirectXGame\3d\LightGroup.h">
      <Filter>KamataEngine\Include</Filter>
    </ClInclude>
    <ClInclude Include="C:\KamataEngine\DirectXGame\3d\Material.h">
      <Filter>KamataEngine\Include</Filter>
    </ClInclude>
    <ClInclude Include="C:\KamataEngine\DirectXGame\3d\Mesh.h">
      <Filter>KamataEngine\Include</Filter>
    </ClInclude>
    <ClInclude Include="C:\KamataEngine\DirectXGame\3d\PointLight.h">
      <Filter>KamataEngine\Include</Filter>
    </ClInclude>
    <ClInclude Include="C:\KamataEngine\DirectXGame\3d\SpotLight.h">
      <Filter>KamataEngine\Include</Filter>
    </ClInclude>
    <ClInclude Include="C:\KamataEngine\DirectXGame\math\Matrix4x4.h" />
    <ClInclude Include="C:\KamataEngine\DirectXGame\math\Vector2.h" />
    <ClInclude Include="C:\KamataEngine\DirectXGame\math\Vector3.h" />
    <ClInclude Include="C:\KamataEngine\DirectXGame\math\Vector4.h" />
    <ClInclude Include="C:\KamataEngine\DirectXGame\2d\ImGuiManager.h" />
    <ClInclude Include="C:\KamataEngine\DirectXGame\base\StringUtility.h">
      <Filter>KamataEngine\Include</Filter>
    </ClInclude>
    <ClInclude Include="MyDeta\Source\Environment.h">
      <Filter>MyDeta\Source</Filter>
    </ClInclude>
    <ClInclude Include="MyDeta\Source\Easing.h">
      <Filter>MyDeta\Source</Filter>
    </ClInclude>
    <ClInclude Include="MyDeta\Source\MyStruct.h">
      <Filter>MyDeta\Source</Filter>
    </ClInclude>
    <ClInclude Include="MyDeta\Object\Player.h">
      <Filter>MyDeta\Object</Filter>
    </ClInclude>
    <ClInclude Include="MyDeta\Object\Reflection.h">
      <Filter>MyDeta\Object</Filter>
    </ClInclude>
    <ClInclude Include="MyDeta\System\CollisionManager.h">
      <Filter>MyDeta\System</Filter>
    </ClInclude>
    <ClInclude Include="MyDeta\Source\MyMath.h">
      <Filter>MyDeta\Source</Filter>
    </ClInclude>
    <ClInclude Include="MyDeta\Object\Orbit.h">
      <Filter>MyDeta\Object</Filter>
    </ClInclude>
    <ClInclude Include="MyDeta\System\Zoom.h">
      <Filter>MyDeta\System</Filter>
    </ClInclude>
    <ClInclude Include="MyDeta\Object\Boss.h">
      <Filter>MyDeta\Object</Filter>
    </ClInclude>
    <ClInclude Include="MyDeta\Particle\Emitter.h">
      <Filter>MyDeta\Particle</Filter>
    </ClInclude>
    <ClInclude Include="MyDeta\Particle\Emitter2.h">
      <Filter>MyDeta\Particle</Filter>
    </ClInclude>
    <ClInclude Include="MyDeta\Particle\Particle.h">
      <Filter>MyDeta\Particle</Filter>
    </ClInclude>
    <ClInclude Include="MyDeta\Particle\Particle2.h">
      <Filter>MyDeta\Particle</Filter>
    </ClInclude>
    <ClInclude Include="MyDeta\Particle\Util.h">
      <Filter>MyDeta\Particle</Filter>
    </ClInclude>
    <ClInclude Include="MyDeta\Source\Coordinate.h">
      <Filter>MyDeta\Source</Filter>
    </ClInclude>
    <ClInclude Include="MyDeta\System\PlayerRangeDetector.h">
      <Filter>MyDeta\System</Filter>
    </ClInclude>
    <ClInclude Include="MyDeta\Object\BossBullet.h">
      <Filter>MyDeta\Object</Filter>
    </ClInclude>
    <ClInclude Include="MyDeta\Object\Stage.h">
      <Filter>MyDeta\Object</Filter>
    </ClInclude>
    <ClInclude Include="BossDeadParticle.h">
      <Filter>MyDeta\Particle</Filter>
    </ClInclude>
    <ClInclude Include="MyDeta\SceneChange\BoxTransition.h">
      <Filter>MyDeta\SceneChange</Filter>
    </ClInclude>
    <ClInclude Include="MyDeta\System\Timer.h">
      <Filter>MyDeta\System</Filter>
    </ClInclude>
    <ClInclude Include="MyDeta\Particle\MyOrbit.h">
      <Filter>MyDeta\Particle</Filter>
    </ClInclude>
    <ClInclude Include="PlayerDeadEmitter.h" />
    <ClInclude Include="PlayerDeadParticle.h" />
    <ClInclude Include="MyDeta\Scene\Tutorial.h">
      <Filter>MyDeta\Scene</Filter>
    </ClInclude>
    <ClInclude Include="Matrix.h" />
    <ClInclude Include="PlayerWindEmitter.h" />
    <ClInclude Include="PlayerWindParticle.h" />
    <ClInclude Include="LoadFile.h">
      <Filter>MyDeta\System</Filter>
    </ClInclude>
    <ClInclude Include="MyDeta\Scene\GameOver.h">
      <Filter>MyDeta\Scene</Filter>
    </ClInclude>
  </ItemGroup>
</Project>